
Microsoft Visual Studio Solution File, Format Version 12.00
# Visual Studio 15
VisualStudioVersion = 15.0.27428.2015
MinimumVisualStudioVersion = 10.0.40219.1
Project("{FAE04EC0-301F-11D3-BF4B-00C04F79EFBC}") = "TrasfusionaleApp.Android", "TrasfusionaleApp\TrasfusionaleApp.Android\TrasfusionaleApp.Android.csproj", "{C983908A-027A-4CD8-9CD2-55CD6B92BAA1}"
EndProject
Project("{FAE04EC0-301F-11D3-BF4B-00C04F79EFBC}") = "TrasfusionaleApp.iOS", "TrasfusionaleApp\TrasfusionaleApp.iOS\TrasfusionaleApp.iOS.csproj", "{FB4179B3-66E0-47C3-AC39-39D25C7B1BAE}"
EndProject
Project("{FAE04EC0-301F-11D3-BF4B-00C04F79EFBC}") = "TrasfusionaleApp.UWP", "TrasfusionaleApp\TrasfusionaleApp.UWP\TrasfusionaleApp.UWP.csproj", "{B7762C11-EA5E-4EB6-8472-EFD0469CBE85}"
EndProject
Project("{FAE04EC0-301F-11D3-BF4B-00C04F79EFBC}") = "TrasfusionaleApp", "TrasfusionaleApp\TrasfusionaleApp\TrasfusionaleApp.csproj", "{C24FD052-5350-441C-A9C9-D7D4DCFA758A}"
EndProject
Global
	GlobalSection(SolutionConfigurationPlatforms) = preSolution
		Ad-Hoc|Any CPU = Ad-Hoc|Any CPU
		Ad-Hoc|ARM = Ad-Hoc|ARM
		Ad-Hoc|iPhone = Ad-Hoc|iPhone
		Ad-Hoc|iPhoneSimulator = Ad-Hoc|iPhoneSimulator
		Ad-Hoc|x64 = Ad-Hoc|x64
		Ad-Hoc|x86 = Ad-Hoc|x86
		AppStore|Any CPU = AppStore|Any CPU
		AppStore|ARM = AppStore|ARM
		AppStore|iPhone = AppStore|iPhone
		AppStore|iPhoneSimulator = AppStore|iPhoneSimulator
		AppStore|x64 = AppStore|x64
		AppStore|x86 = AppStore|x86
		Debug|Any CPU = Debug|Any CPU
		Debug|ARM = Debug|ARM
		Debug|iPhone = Debug|iPhone
		Debug|iPhoneSimulator = Debug|iPhoneSimulator
		Debug|x64 = Debug|x64
		Debug|x86 = Debug|x86
		Release|Any CPU = Release|Any CPU
		Release|ARM = Release|ARM
		Release|iPhone = Release|iPhone
		Release|iPhoneSimulator = Release|iPhoneSimulator
		Release|x64 = Release|x64
		Release|x86 = Release|x86
	EndGlobalSection
	GlobalSection(ProjectConfigurationPlatforms) = postSolution
		{C983908A-027A-4CD8-9CD2-55CD6B92BAA1}.Ad-Hoc|Any CPU.ActiveCfg = Release|Any CPU
		{C983908A-027A-4CD8-9CD2-55CD6B92BAA1}.Ad-Hoc|Any CPU.Build.0 = Release|Any CPU
		{C983908A-027A-4CD8-9CD2-55CD6B92BAA1}.Ad-Hoc|Any CPU.Deploy.0 = Release|Any CPU
		{C983908A-027A-4CD8-9CD2-55CD6B92BAA1}.Ad-Hoc|ARM.ActiveCfg = Release|Any CPU
		{C983908A-027A-4CD8-9CD2-55CD6B92BAA1}.Ad-Hoc|ARM.Build.0 = Release|Any CPU
		{C983908A-027A-4CD8-9CD2-55CD6B92BAA1}.Ad-Hoc|ARM.Deploy.0 = Release|Any CPU
		{C983908A-027A-4CD8-9CD2-55CD6B92BAA1}.Ad-Hoc|iPhone.ActiveCfg = Release|Any CPU
		{C983908A-027A-4CD8-9CD2-55CD6B92BAA1}.Ad-Hoc|iPhone.Build.0 = Release|Any CPU
		{C983908A-027A-4CD8-9CD2-55CD6B92BAA1}.Ad-Hoc|iPhone.Deploy.0 = Release|Any CPU
		{C983908A-027A-4CD8-9CD2-55CD6B92BAA1}.Ad-Hoc|iPhoneSimulator.ActiveCfg = Release|Any CPU
		{C983908A-027A-4CD8-9CD2-55CD6B92BAA1}.Ad-Hoc|iPhoneSimulator.Build.0 = Release|Any CPU
		{C983908A-027A-4CD8-9CD2-55CD6B92BAA1}.Ad-Hoc|iPhoneSimulator.Deploy.0 = Release|Any CPU
		{C983908A-027A-4CD8-9CD2-55CD6B92BAA1}.Ad-Hoc|x64.ActiveCfg = Release|Any CPU
		{C983908A-027A-4CD8-9CD2-55CD6B92BAA1}.Ad-Hoc|x64.Build.0 = Release|Any CPU
		{C983908A-027A-4CD8-9CD2-55CD6B92BAA1}.Ad-Hoc|x64.Deploy.0 = Release|Any CPU
		{C983908A-027A-4CD8-9CD2-55CD6B92BAA1}.Ad-Hoc|x86.ActiveCfg = Release|Any CPU
		{C983908A-027A-4CD8-9CD2-55CD6B92BAA1}.Ad-Hoc|x86.Build.0 = Release|Any CPU
		{C983908A-027A-4CD8-9CD2-55CD6B92BAA1}.Ad-Hoc|x86.Deploy.0 = Release|Any CPU
		{C983908A-027A-4CD8-9CD2-55CD6B92BAA1}.AppStore|Any CPU.ActiveCfg = Release|Any CPU
		{C983908A-027A-4CD8-9CD2-55CD6B92BAA1}.AppStore|Any CPU.Build.0 = Release|Any CPU
		{C983908A-027A-4CD8-9CD2-55CD6B92BAA1}.AppStore|Any CPU.Deploy.0 = Release|Any CPU
		{C983908A-027A-4CD8-9CD2-55CD6B92BAA1}.AppStore|ARM.ActiveCfg = Release|Any CPU
		{C983908A-027A-4CD8-9CD2-55CD6B92BAA1}.AppStore|ARM.Build.0 = Release|Any CPU
		{C983908A-027A-4CD8-9CD2-55CD6B92BAA1}.AppStore|ARM.Deploy.0 = Release|Any CPU
		{C983908A-027A-4CD8-9CD2-55CD6B92BAA1}.AppStore|iPhone.ActiveCfg = Release|Any CPU
		{C983908A-027A-4CD8-9CD2-55CD6B92BAA1}.AppStore|iPhone.Build.0 = Release|Any CPU
		{C983908A-027A-4CD8-9CD2-55CD6B92BAA1}.AppStore|iPhone.Deploy.0 = Release|Any CPU
		{C983908A-027A-4CD8-9CD2-55CD6B92BAA1}.AppStore|iPhoneSimulator.ActiveCfg = Release|Any CPU
		{C983908A-027A-4CD8-9CD2-55CD6B92BAA1}.AppStore|iPhoneSimulator.Build.0 = Release|Any CPU
		{C983908A-027A-4CD8-9CD2-55CD6B92BAA1}.AppStore|iPhoneSimulator.Deploy.0 = Release|Any CPU
		{C983908A-027A-4CD8-9CD2-55CD6B92BAA1}.AppStore|x64.ActiveCfg = Release|Any CPU
		{C983908A-027A-4CD8-9CD2-55CD6B92BAA1}.AppStore|x64.Build.0 = Release|Any CPU
		{C983908A-027A-4CD8-9CD2-55CD6B92BAA1}.AppStore|x64.Deploy.0 = Release|Any CPU
		{C983908A-027A-4CD8-9CD2-55CD6B92BAA1}.AppStore|x86.ActiveCfg = Release|Any CPU
		{C983908A-027A-4CD8-9CD2-55CD6B92BAA1}.AppStore|x86.Build.0 = Release|Any CPU
		{C983908A-027A-4CD8-9CD2-55CD6B92BAA1}.AppStore|x86.Deploy.0 = Release|Any CPU
		{C983908A-027A-4CD8-9CD2-55CD6B92BAA1}.Debug|Any CPU.ActiveCfg = Debug|Any CPU
		{C983908A-027A-4CD8-9CD2-55CD6B92BAA1}.Debug|Any CPU.Build.0 = Debug|Any CPU
		{C983908A-027A-4CD8-9CD2-55CD6B92BAA1}.Debug|Any CPU.Deploy.0 = Debug|Any CPU
		{C983908A-027A-4CD8-9CD2-55CD6B92BAA1}.Debug|ARM.ActiveCfg = Debug|Any CPU
		{C983908A-027A-4CD8-9CD2-55CD6B92BAA1}.Debug|ARM.Build.0 = Debug|Any CPU
		{C983908A-027A-4CD8-9CD2-55CD6B92BAA1}.Debug|ARM.Deploy.0 = Debug|Any CPU
		{C983908A-027A-4CD8-9CD2-55CD6B92BAA1}.Debug|iPhone.ActiveCfg = Debug|Any CPU
		{C983908A-027A-4CD8-9CD2-55CD6B92BAA1}.Debug|iPhone.Build.0 = Debug|Any CPU
		{C983908A-027A-4CD8-9CD2-55CD6B92BAA1}.Debug|iPhone.Deploy.0 = Debug|Any CPU
		{C983908A-027A-4CD8-9CD2-55CD6B92BAA1}.Debug|iPhoneSimulator.ActiveCfg = Debug|Any CPU
		{C983908A-027A-4CD8-9CD2-55CD6B92BAA1}.Debug|iPhoneSimulator.Build.0 = Debug|Any CPU
		{C983908A-027A-4CD8-9CD2-55CD6B92BAA1}.Debug|iPhoneSimulator.Deploy.0 = Debug|Any CPU
		{C983908A-027A-4CD8-9CD2-55CD6B92BAA1}.Debug|x64.ActiveCfg = Debug|Any CPU
		{C983908A-027A-4CD8-9CD2-55CD6B92BAA1}.Debug|x64.Build.0 = Debug|Any CPU
		{C983908A-027A-4CD8-9CD2-55CD6B92BAA1}.Debug|x64.Deploy.0 = Debug|Any CPU
		{C983908A-027A-4CD8-9CD2-55CD6B92BAA1}.Debug|x86.ActiveCfg = Debug|Any CPU
		{C983908A-027A-4CD8-9CD2-55CD6B92BAA1}.Debug|x86.Build.0 = Debug|Any CPU
		{C983908A-027A-4CD8-9CD2-55CD6B92BAA1}.Debug|x86.Deploy.0 = Debug|Any CPU
		{C983908A-027A-4CD8-9CD2-55CD6B92BAA1}.Release|Any CPU.ActiveCfg = Release|Any CPU
		{C983908A-027A-4CD8-9CD2-55CD6B92BAA1}.Release|Any CPU.Build.0 = Release|Any CPU
		{C983908A-027A-4CD8-9CD2-55CD6B92BAA1}.Release|Any CPU.Deploy.0 = Release|Any CPU
		{C983908A-027A-4CD8-9CD2-55CD6B92BAA1}.Release|ARM.ActiveCfg = Release|Any CPU
		{C983908A-027A-4CD8-9CD2-55CD6B92BAA1}.Release|ARM.Build.0 = Release|Any CPU
		{C983908A-027A-4CD8-9CD2-55CD6B92BAA1}.Release|ARM.Deploy.0 = Release|Any CPU
		{C983908A-027A-4CD8-9CD2-55CD6B92BAA1}.Release|iPhone.ActiveCfg = Release|Any CPU
		{C983908A-027A-4CD8-9CD2-55CD6B92BAA1}.Release|iPhone.Build.0 = Release|Any CPU
		{C983908A-027A-4CD8-9CD2-55CD6B92BAA1}.Release|iPhone.Deploy.0 = Release|Any CPU
		{C983908A-027A-4CD8-9CD2-55CD6B92BAA1}.Release|iPhoneSimulator.ActiveCfg = Release|Any CPU
		{C983908A-027A-4CD8-9CD2-55CD6B92BAA1}.Release|iPhoneSimulator.Build.0 = Release|Any CPU
		{C983908A-027A-4CD8-9CD2-55CD6B92BAA1}.Release|iPhoneSimulator.Deploy.0 = Release|Any CPU
		{C983908A-027A-4CD8-9CD2-55CD6B92BAA1}.Release|x64.ActiveCfg = Release|Any CPU
		{C983908A-027A-4CD8-9CD2-55CD6B92BAA1}.Release|x64.Build.0 = Release|Any CPU
		{C983908A-027A-4CD8-9CD2-55CD6B92BAA1}.Release|x64.Deploy.0 = Release|Any CPU
		{C983908A-027A-4CD8-9CD2-55CD6B92BAA1}.Release|x86.ActiveCfg = Release|Any CPU
		{C983908A-027A-4CD8-9CD2-55CD6B92BAA1}.Release|x86.Build.0 = Release|Any CPU
		{C983908A-027A-4CD8-9CD2-55CD6B92BAA1}.Release|x86.Deploy.0 = Release|Any CPU
		{FB4179B3-66E0-47C3-AC39-39D25C7B1BAE}.Ad-Hoc|Any CPU.ActiveCfg = Ad-Hoc|iPhone
		{FB4179B3-66E0-47C3-AC39-39D25C7B1BAE}.Ad-Hoc|ARM.ActiveCfg = Ad-Hoc|iPhone
		{FB4179B3-66E0-47C3-AC39-39D25C7B1BAE}.Ad-Hoc|iPhone.ActiveCfg = Ad-Hoc|iPhone
		{FB4179B3-66E0-47C3-AC39-39D25C7B1BAE}.Ad-Hoc|iPhone.Build.0 = Ad-Hoc|iPhone
		{FB4179B3-66E0-47C3-AC39-39D25C7B1BAE}.Ad-Hoc|iPhoneSimulator.ActiveCfg = Ad-Hoc|iPhoneSimulator
		{FB4179B3-66E0-47C3-AC39-39D25C7B1BAE}.Ad-Hoc|iPhoneSimulator.Build.0 = Ad-Hoc|iPhoneSimulator
		{FB4179B3-66E0-47C3-AC39-39D25C7B1BAE}.Ad-Hoc|x64.ActiveCfg = Ad-Hoc|iPhone
		{FB4179B3-66E0-47C3-AC39-39D25C7B1BAE}.Ad-Hoc|x86.ActiveCfg = Ad-Hoc|iPhone
		{FB4179B3-66E0-47C3-AC39-39D25C7B1BAE}.AppStore|Any CPU.ActiveCfg = AppStore|iPhone
		{FB4179B3-66E0-47C3-AC39-39D25C7B1BAE}.AppStore|ARM.ActiveCfg = AppStore|iPhone
		{FB4179B3-66E0-47C3-AC39-39D25C7B1BAE}.AppStore|iPhone.ActiveCfg = AppStore|iPhone
		{FB4179B3-66E0-47C3-AC39-39D25C7B1BAE}.AppStore|iPhone.Build.0 = AppStore|iPhone
		{FB4179B3-66E0-47C3-AC39-39D25C7B1BAE}.AppStore|iPhoneSimulator.ActiveCfg = AppStore|iPhoneSimulator
		{FB4179B3-66E0-47C3-AC39-39D25C7B1BAE}.AppStore|iPhoneSimulator.Build.0 = AppStore|iPhoneSimulator
		{FB4179B3-66E0-47C3-AC39-39D25C7B1BAE}.AppStore|x64.ActiveCfg = AppStore|iPhone
		{FB4179B3-66E0-47C3-AC39-39D25C7B1BAE}.AppStore|x86.ActiveCfg = AppStore|iPhone
		{FB4179B3-66E0-47C3-AC39-39D25C7B1BAE}.Debug|Any CPU.ActiveCfg = Debug|iPhone
		{FB4179B3-66E0-47C3-AC39-39D25C7B1BAE}.Debug|ARM.ActiveCfg = Debug|iPhone
		{FB4179B3-66E0-47C3-AC39-39D25C7B1BAE}.Debug|iPhone.ActiveCfg = Debug|iPhone
		{FB4179B3-66E0-47C3-AC39-39D25C7B1BAE}.Debug|iPhone.Build.0 = Debug|iPhone
		{FB4179B3-66E0-47C3-AC39-39D25C7B1BAE}.Debug|iPhoneSimulator.ActiveCfg = Debug|iPhoneSimulator
		{FB4179B3-66E0-47C3-AC39-39D25C7B1BAE}.Debug|iPhoneSimulator.Build.0 = Debug|iPhoneSimulator
		{FB4179B3-66E0-47C3-AC39-39D25C7B1BAE}.Debug|x64.ActiveCfg = Debug|iPhone
		{FB4179B3-66E0-47C3-AC39-39D25C7B1BAE}.Debug|x86.ActiveCfg = Debug|iPhone
		{FB4179B3-66E0-47C3-AC39-39D25C7B1BAE}.Release|Any CPU.ActiveCfg = Release|iPhone
		{FB4179B3-66E0-47C3-AC39-39D25C7B1BAE}.Release|ARM.ActiveCfg = Release|iPhone
		{FB4179B3-66E0-47C3-AC39-39D25C7B1BAE}.Release|iPhone.ActiveCfg = Release|iPhone
		{FB4179B3-66E0-47C3-AC39-39D25C7B1BAE}.Release|iPhone.Build.0 = Release|iPhone
		{FB4179B3-66E0-47C3-AC39-39D25C7B1BAE}.Release|iPhoneSimulator.ActiveCfg = Release|iPhoneSimulator
		{FB4179B3-66E0-47C3-AC39-39D25C7B1BAE}.Release|iPhoneSimulator.Build.0 = Release|iPhoneSimulator
		{FB4179B3-66E0-47C3-AC39-39D25C7B1BAE}.Release|x64.ActiveCfg = Release|iPhone
		{FB4179B3-66E0-47C3-AC39-39D25C7B1BAE}.Release|x86.ActiveCfg = Release|iPhone
		{B7762C11-EA5E-4EB6-8472-EFD0469CBE85}.Ad-Hoc|Any CPU.ActiveCfg = Release|x86
		{B7762C11-EA5E-4EB6-8472-EFD0469CBE85}.Ad-Hoc|Any CPU.Build.0 = Release|x86
		{B7762C11-EA5E-4EB6-8472-EFD0469CBE85}.Ad-Hoc|Any CPU.Deploy.0 = Release|x86
		{B7762C11-EA5E-4EB6-8472-EFD0469CBE85}.Ad-Hoc|ARM.ActiveCfg = Release|ARM
		{B7762C11-EA5E-4EB6-8472-EFD0469CBE85}.Ad-Hoc|ARM.Build.0 = Release|ARM
		{B7762C11-EA5E-4EB6-8472-EFD0469CBE85}.Ad-Hoc|ARM.Deploy.0 = Release|ARM
		{B7762C11-EA5E-4EB6-8472-EFD0469CBE85}.Ad-Hoc|iPhone.ActiveCfg = Release|x86
		{B7762C11-EA5E-4EB6-8472-EFD0469CBE85}.Ad-Hoc|iPhone.Build.0 = Release|x86
		{B7762C11-EA5E-4EB6-8472-EFD0469CBE85}.Ad-Hoc|iPhone.Deploy.0 = Release|x86
		{B7762C11-EA5E-4EB6-8472-EFD0469CBE85}.Ad-Hoc|iPhoneSimulator.ActiveCfg = Release|x86
		{B7762C11-EA5E-4EB6-8472-EFD0469CBE85}.Ad-Hoc|iPhoneSimulator.Build.0 = Release|x86
		{B7762C11-EA5E-4EB6-8472-EFD0469CBE85}.Ad-Hoc|iPhoneSimulator.Deploy.0 = Release|x86
		{B7762C11-EA5E-4EB6-8472-EFD0469CBE85}.Ad-Hoc|x64.ActiveCfg = Release|x64
		{B7762C11-EA5E-4EB6-8472-EFD0469CBE85}.Ad-Hoc|x64.Build.0 = Release|x64
		{B7762C11-EA5E-4EB6-8472-EFD0469CBE85}.Ad-Hoc|x64.Deploy.0 = Release|x64
		{B7762C11-EA5E-4EB6-8472-EFD0469CBE85}.Ad-Hoc|x86.ActiveCfg = Release|x86
		{B7762C11-EA5E-4EB6-8472-EFD0469CBE85}.Ad-Hoc|x86.Build.0 = Release|x86
		{B7762C11-EA5E-4EB6-8472-EFD0469CBE85}.Ad-Hoc|x86.Deploy.0 = Release|x86
		{B7762C11-EA5E-4EB6-8472-EFD0469CBE85}.AppStore|Any CPU.ActiveCfg = Release|x86
		{B7762C11-EA5E-4EB6-8472-EFD0469CBE85}.AppStore|Any CPU.Build.0 = Release|x86
		{B7762C11-EA5E-4EB6-8472-EFD0469CBE85}.AppStore|Any CPU.Deploy.0 = Release|x86
		{B7762C11-EA5E-4EB6-8472-EFD0469CBE85}.AppStore|ARM.ActiveCfg = Release|ARM
		{B7762C11-EA5E-4EB6-8472-EFD0469CBE85}.AppStore|ARM.Build.0 = Release|ARM
		{B7762C11-EA5E-4EB6-8472-EFD0469CBE85}.AppStore|ARM.Deploy.0 = Release|ARM
		{B7762C11-EA5E-4EB6-8472-EFD0469CBE85}.AppStore|iPhone.ActiveCfg = Release|x86
		{B7762C11-EA5E-4EB6-8472-EFD0469CBE85}.AppStore|iPhone.Build.0 = Release|x86
		{B7762C11-EA5E-4EB6-8472-EFD0469CBE85}.AppStore|iPhone.Deploy.0 = Release|x86
		{B7762C11-EA5E-4EB6-8472-EFD0469CBE85}.AppStore|iPhoneSimulator.ActiveCfg = Release|x86
		{B7762C11-EA5E-4EB6-8472-EFD0469CBE85}.AppStore|iPhoneSimulator.Build.0 = Release|x86
		{B7762C11-EA5E-4EB6-8472-EFD0469CBE85}.AppStore|iPhoneSimulator.Deploy.0 = Release|x86
		{B7762C11-EA5E-4EB6-8472-EFD0469CBE85}.AppStore|x64.ActiveCfg = Release|x64
		{B7762C11-EA5E-4EB6-8472-EFD0469CBE85}.AppStore|x64.Build.0 = Release|x64
		{B7762C11-EA5E-4EB6-8472-EFD0469CBE85}.AppStore|x64.Deploy.0 = Release|x64
		{B7762C11-EA5E-4EB6-8472-EFD0469CBE85}.AppStore|x86.ActiveCfg = Release|x86
		{B7762C11-EA5E-4EB6-8472-EFD0469CBE85}.AppStore|x86.Build.0 = Release|x86
		{B7762C11-EA5E-4EB6-8472-EFD0469CBE85}.AppStore|x86.Deploy.0 = Release|x86
		{B7762C11-EA5E-4EB6-8472-EFD0469CBE85}.Debug|Any CPU.ActiveCfg = Debug|x86
		{B7762C11-EA5E-4EB6-8472-EFD0469CBE85}.Debug|ARM.ActiveCfg = Debug|ARM
		{B7762C11-EA5E-4EB6-8472-EFD0469CBE85}.Debug|ARM.Build.0 = Debug|ARM
		{B7762C11-EA5E-4EB6-8472-EFD0469CBE85}.Debug|ARM.Deploy.0 = Debug|ARM
		{B7762C11-EA5E-4EB6-8472-EFD0469CBE85}.Debug|iPhone.ActiveCfg = Debug|x86
		{B7762C11-EA5E-4EB6-8472-EFD0469CBE85}.Debug|iPhoneSimulator.ActiveCfg = Debug|x86
		{B7762C11-EA5E-4EB6-8472-EFD0469CBE85}.Debug|x64.ActiveCfg = Debug|x64
		{B7762C11-EA5E-4EB6-8472-EFD0469CBE85}.Debug|x64.Build.0 = Debug|x64
		{B7762C11-EA5E-4EB6-8472-EFD0469CBE85}.Debug|x64.Deploy.0 = Debug|x64
		{B7762C11-EA5E-4EB6-8472-EFD0469CBE85}.Debug|x86.ActiveCfg = Debug|x86
		{B7762C11-EA5E-4EB6-8472-EFD0469CBE85}.Debug|x86.Build.0 = Debug|x86
		{B7762C11-EA5E-4EB6-8472-EFD0469CBE85}.Debug|x86.Deploy.0 = Debug|x86
		{B7762C11-EA5E-4EB6-8472-EFD0469CBE85}.Release|Any CPU.ActiveCfg = Release|x86
		{B7762C11-EA5E-4EB6-8472-EFD0469CBE85}.Release|ARM.ActiveCfg = Release|ARM
		{B7762C11-EA5E-4EB6-8472-EFD0469CBE85}.Release|ARM.Build.0 = Release|ARM
		{B7762C11-EA5E-4EB6-8472-EFD0469CBE85}.Release|ARM.Deploy.0 = Release|ARM
		{B7762C11-EA5E-4EB6-8472-EFD0469CBE85}.Release|iPhone.ActiveCfg = Release|x86
		{B7762C11-EA5E-4EB6-8472-EFD0469CBE85}.Release|iPhoneSimulator.ActiveCfg = Release|x86
		{B7762C11-EA5E-4EB6-8472-EFD0469CBE85}.Release|x64.ActiveCfg = Release|x64
		{B7762C11-EA5E-4EB6-8472-EFD0469CBE85}.Release|x64.Build.0 = Release|x64
		{B7762C11-EA5E-4EB6-8472-EFD0469CBE85}.Release|x64.Deploy.0 = Release|x64
		{B7762C11-EA5E-4EB6-8472-EFD0469CBE85}.Release|x86.ActiveCfg = Release|x86
		{B7762C11-EA5E-4EB6-8472-EFD0469CBE85}.Release|x86.Build.0 = Release|x86
		{B7762C11-EA5E-4EB6-8472-EFD0469CBE85}.Release|x86.Deploy.0 = Release|x86
		{C24FD052-5350-441C-A9C9-D7D4DCFA758A}.Ad-Hoc|Any CPU.ActiveCfg = Debug|Any CPU
		{C24FD052-5350-441C-A9C9-D7D4DCFA758A}.Ad-Hoc|Any CPU.Build.0 = Debug|Any CPU
		{C24FD052-5350-441C-A9C9-D7D4DCFA758A}.Ad-Hoc|ARM.ActiveCfg = Debug|Any CPU
		{C24FD052-5350-441C-A9C9-D7D4DCFA758A}.Ad-Hoc|ARM.Build.0 = Debug|Any CPU
		{C24FD052-5350-441C-A9C9-D7D4DCFA758A}.Ad-Hoc|iPhone.ActiveCfg = Debug|Any CPU
		{C24FD052-5350-441C-A9C9-D7D4DCFA758A}.Ad-Hoc|iPhone.Build.0 = Debug|Any CPU
		{C24FD052-5350-441C-A9C9-D7D4DCFA758A}.Ad-Hoc|iPhoneSimulator.ActiveCfg = Debug|Any CPU
		{C24FD052-5350-441C-A9C9-D7D4DCFA758A}.Ad-Hoc|iPhoneSimulator.Build.0 = Debug|Any CPU
		{C24FD052-5350-441C-A9C9-D7D4DCFA758A}.Ad-Hoc|x64.ActiveCfg = Debug|Any CPU
		{C24FD052-5350-441C-A9C9-D7D4DCFA758A}.Ad-Hoc|x64.Build.0 = Debug|Any CPU
		{C24FD052-5350-441C-A9C9-D7D4DCFA758A}.Ad-Hoc|x86.ActiveCfg = Debug|Any CPU
		{C24FD052-5350-441C-A9C9-D7D4DCFA758A}.Ad-Hoc|x86.Build.0 = Debug|Any CPU
		{C24FD052-5350-441C-A9C9-D7D4DCFA758A}.AppStore|Any CPU.ActiveCfg = Debug|Any CPU
		{C24FD052-5350-441C-A9C9-D7D4DCFA758A}.AppStore|Any CPU.Build.0 = Debug|Any CPU
		{C24FD052-5350-441C-A9C9-D7D4DCFA758A}.AppStore|ARM.ActiveCfg = Debug|Any CPU
		{C24FD052-5350-441C-A9C9-D7D4DCFA758A}.AppStore|ARM.Build.0 = Debug|Any CPU
		{C24FD052-5350-441C-A9C9-D7D4DCFA758A}.AppStore|iPhone.ActiveCfg = Debug|Any CPU
		{C24FD052-5350-441C-A9C9-D7D4DCFA758A}.AppStore|iPhone.Build.0 = Debug|Any CPU
		{C24FD052-5350-441C-A9C9-D7D4DCFA758A}.AppStore|iPhoneSimulator.ActiveCfg = Debug|Any CPU
		{C24FD052-5350-441C-A9C9-D7D4DCFA758A}.AppStore|iPhoneSimulator.Build.0 = Debug|Any CPU
		{C24FD052-5350-441C-A9C9-D7D4DCFA758A}.AppStore|x64.ActiveCfg = Debug|Any CPU
		{C24FD052-5350-441C-A9C9-D7D4DCFA758A}.AppStore|x64.Build.0 = Debug|Any CPU
		{C24FD052-5350-441C-A9C9-D7D4DCFA758A}.AppStore|x86.ActiveCfg = Debug|Any CPU
		{C24FD052-5350-441C-A9C9-D7D4DCFA758A}.AppStore|x86.Build.0 = Debug|Any CPU
		{C24FD052-5350-441C-A9C9-D7D4DCFA758A}.Debug|Any CPU.ActiveCfg = Debug|Any CPU
		{C24FD052-5350-441C-A9C9-D7D4DCFA758A}.Debug|Any CPU.Build.0 = Debug|Any CPU
		{C24FD052-5350-441C-A9C9-D7D4DCFA758A}.Debug|ARM.ActiveCfg = Debug|Any CPU
		{C24FD052-5350-441C-A9C9-D7D4DCFA758A}.Debug|ARM.Build.0 = Debug|Any CPU
		{C24FD052-5350-441C-A9C9-D7D4DCFA758A}.Debug|iPhone.ActiveCfg = Debug|Any CPU
		{C24FD052-5350-441C-A9C9-D7D4DCFA758A}.Debug|iPhone.Build.0 = Debug|Any CPU
		{C24FD052-5350-441C-A9C9-D7D4DCFA758A}.Debug|iPhoneSimulator.ActiveCfg = Debug|Any CPU
		{C24FD052-5350-441C-A9C9-D7D4DCFA758A}.Debug|iPhoneSimulator.Build.0 = Debug|Any CPU
		{C24FD052-5350-441C-A9C9-D7D4DCFA758A}.Debug|x64.ActiveCfg = Debug|Any CPU
		{C24FD052-5350-441C-A9C9-D7D4DCFA758A}.Debug|x64.Build.0 = Debug|Any CPU
		{C24FD052-5350-441C-A9C9-D7D4DCFA758A}.Debug|x86.ActiveCfg = Debug|Any CPU
		{C24FD052-5350-441C-A9C9-D7D4DCFA758A}.Debug|x86.Build.0 = Debug|Any CPU
		{C24FD052-5350-441C-A9C9-D7D4DCFA758A}.Release|Any CPU.ActiveCfg = Release|Any CPU
		{C24FD052-5350-441C-A9C9-D7D4DCFA758A}.Release|Any CPU.Build.0 = Release|Any CPU
		{C24FD052-5350-441C-A9C9-D7D4DCFA758A}.Release|ARM.ActiveCfg = Release|Any CPU
		{C24FD052-5350-441C-A9C9-D7D4DCFA758A}.Release|ARM.Build.0 = Release|Any CPU
		{C24FD052-5350-441C-A9C9-D7D4DCFA758A}.Release|iPhone.ActiveCfg = Release|Any CPU
		{C24FD052-5350-441C-A9C9-D7D4DCFA758A}.Release|iPhone.Build.0 = Release|Any CPU
		{C24FD052-5350-441C-A9C9-D7D4DCFA758A}.Release|iPhoneSimulator.ActiveCfg = Release|Any CPU
		{C24FD052-5350-441C-A9C9-D7D4DCFA758A}.Release|iPhoneSimulator.Build.0 = Release|Any CPU
		{C24FD052-5350-441C-A9C9-D7D4DCFA758A}.Release|x64.ActiveCfg = Release|Any CPU
		{C24FD052-5350-441C-A9C9-D7D4DCFA758A}.Release|x64.Build.0 = Release|Any CPU
		{C24FD052-5350-441C-A9C9-D7D4DCFA758A}.Release|x86.ActiveCfg = Release|Any CPU
		{C24FD052-5350-441C-A9C9-D7D4DCFA758A}.Release|x86.Build.0 = Release|Any CPU
	EndGlobalSection
	GlobalSection(SolutionProperties) = preSolution
		HideSolutionNode = FALSE
	EndGlobalSection
	GlobalSection(ExtensibilityGlobals) = postSolution
		SolutionGuid = {A314B3B1-B9BA-458F-8793-BFB71FEAA237}
	EndGlobalSection
EndGlobal
